// !$*UTF8*$!
{
	archiveVersion = 1;
	classes = {
	};
	objectVersion = 56;
	objects = {

/* Begin PBXBuildFile section */
		D232387F2B9F8A2F004DA3D4 /* EditCategoryView.swift in Sources */ = {isa = PBXBuildFile; fileRef = D232387E2B9F8A2F004DA3D4 /* EditCategoryView.swift */; };
		D25BB4992B9C82E7006B585B /* Category.swift in Sources */ = {isa = PBXBuildFile; fileRef = D25BB4982B9C82E7006B585B /* Category.swift */; };
		D25BB49D2B9C9DE2006B585B /* NewCategoryView.swift in Sources */ = {isa = PBXBuildFile; fileRef = D25BB49C2B9C9DE2006B585B /* NewCategoryView.swift */; };
		D25BB4A02B9CCE6C006B585B /* ItemsGroupView.swift in Sources */ = {isa = PBXBuildFile; fileRef = D25BB49F2B9CCE6C006B585B /* ItemsGroupView.swift */; };
		D2B1161F2B9B5D4200DB9956 /* Groceries_App.swift in Sources */ = {isa = PBXBuildFile; fileRef = D2B1161E2B9B5D4200DB9956 /* Groceries_App.swift */; };
		D2B116212B9B5D4200DB9956 /* ContentView.swift in Sources */ = {isa = PBXBuildFile; fileRef = D2B116202B9B5D4200DB9956 /* ContentView.swift */; };
		D2B116232B9B5D4300DB9956 /* Assets.xcassets in Resources */ = {isa = PBXBuildFile; fileRef = D2B116222B9B5D4300DB9956 /* Assets.xcassets */; };
		D2B116272B9B5D4300DB9956 /* Preview Assets.xcassets in Resources */ = {isa = PBXBuildFile; fileRef = D2B116262B9B5D4300DB9956 /* Preview Assets.xcassets */; };
		D2B116342B9B5DC200DB9956 /* NewItemView.swift in Sources */ = {isa = PBXBuildFile; fileRef = D2B116302B9B5DC200DB9956 /* NewItemView.swift */; };
		D2B116352B9B5DC200DB9956 /* ItemView.swift in Sources */ = {isa = PBXBuildFile; fileRef = D2B116312B9B5DC200DB9956 /* ItemView.swift */; };
		D2B116362B9B5DC200DB9956 /* ItemListView.swift in Sources */ = {isa = PBXBuildFile; fileRef = D2B116322B9B5DC200DB9956 /* ItemListView.swift */; };
		D2B116372B9B5DC200DB9956 /* EditItemView.swift in Sources */ = {isa = PBXBuildFile; fileRef = D2B116332B9B5DC200DB9956 /* EditItemView.swift */; };
		D2B1163A2B9B5DE200DB9956 /* Item.swift in Sources */ = {isa = PBXBuildFile; fileRef = D2B116382B9B5DE200DB9956 /* Item.swift */; };
		D2B1163B2B9B5DE200DB9956 /* SampleItems.swift in Sources */ = {isa = PBXBuildFile; fileRef = D2B116392B9B5DE200DB9956 /* SampleItems.swift */; };
		D2B1163D2B9B5DED00DB9956 /* PreviewSampleData.swift in Sources */ = {isa = PBXBuildFile; fileRef = D2B1163C2B9B5DED00DB9956 /* PreviewSampleData.swift */; };
/* End PBXBuildFile section */

/* Begin PBXFileReference section */
		D232387E2B9F8A2F004DA3D4 /* EditCategoryView.swift */ = {isa = PBXFileReference; lastKnownFileType = sourcecode.swift; path = EditCategoryView.swift; sourceTree = "<group>"; };
		D25BB4982B9C82E7006B585B /* Category.swift */ = {isa = PBXFileReference; lastKnownFileType = sourcecode.swift; path = Category.swift; sourceTree = "<group>"; };
		D25BB49C2B9C9DE2006B585B /* NewCategoryView.swift */ = {isa = PBXFileReference; lastKnownFileType = sourcecode.swift; path = NewCategoryView.swift; sourceTree = "<group>"; };
		D25BB49F2B9CCE6C006B585B /* ItemsGroupView.swift */ = {isa = PBXFileReference; lastKnownFileType = sourcecode.swift; path = ItemsGroupView.swift; sourceTree = "<group>"; };
		D2B1161B2B9B5D4200DB9956 /* Groceries+.app */ = {isa = PBXFileReference; explicitFileType = wrapper.application; includeInIndex = 0; path = "Groceries+.app"; sourceTree = BUILT_PRODUCTS_DIR; };
		D2B1161E2B9B5D4200DB9956 /* Groceries_App.swift */ = {isa = PBXFileReference; lastKnownFileType = sourcecode.swift; path = Groceries_App.swift; sourceTree = "<group>"; };
		D2B116202B9B5D4200DB9956 /* ContentView.swift */ = {isa = PBXFileReference; lastKnownFileType = sourcecode.swift; path = ContentView.swift; sourceTree = "<group>"; };
		D2B116222B9B5D4300DB9956 /* Assets.xcassets */ = {isa = PBXFileReference; lastKnownFileType = folder.assetcatalog; path = Assets.xcassets; sourceTree = "<group>"; };
		D2B116242B9B5D4300DB9956 /* Groceries_.entitlements */ = {isa = PBXFileReference; lastKnownFileType = text.plist.entitlements; path = Groceries_.entitlements; sourceTree = "<group>"; };
		D2B116262B9B5D4300DB9956 /* Preview Assets.xcassets */ = {isa = PBXFileReference; lastKnownFileType = folder.assetcatalog; path = "Preview Assets.xcassets"; sourceTree = "<group>"; };
		D2B116302B9B5DC200DB9956 /* NewItemView.swift */ = {isa = PBXFileReference; fileEncoding = 4; lastKnownFileType = sourcecode.swift; path = NewItemView.swift; sourceTree = "<group>"; };
		D2B116312B9B5DC200DB9956 /* ItemView.swift */ = {isa = PBXFileReference; fileEncoding = 4; lastKnownFileType = sourcecode.swift; path = ItemView.swift; sourceTree = "<group>"; };
		D2B116322B9B5DC200DB9956 /* ItemListView.swift */ = {isa = PBXFileReference; fileEncoding = 4; lastKnownFileType = sourcecode.swift; path = ItemListView.swift; sourceTree = "<group>"; };
		D2B116332B9B5DC200DB9956 /* EditItemView.swift */ = {isa = PBXFileReference; fileEncoding = 4; lastKnownFileType = sourcecode.swift; path = EditItemView.swift; sourceTree = "<group>"; };
		D2B116382B9B5DE200DB9956 /* Item.swift */ = {isa = PBXFileReference; fileEncoding = 4; lastKnownFileType = sourcecode.swift; path = Item.swift; sourceTree = "<group>"; };
		D2B116392B9B5DE200DB9956 /* SampleItems.swift */ = {isa = PBXFileReference; fileEncoding = 4; lastKnownFileType = sourcecode.swift; path = SampleItems.swift; sourceTree = "<group>"; };
		D2B1163C2B9B5DED00DB9956 /* PreviewSampleData.swift */ = {isa = PBXFileReference; fileEncoding = 4; lastKnownFileType = sourcecode.swift; path = PreviewSampleData.swift; sourceTree = "<group>"; };
/* End PBXFileReference section */

/* Begin PBXFrameworksBuildPhase section */
		D2B116182B9B5D4200DB9956 /* Frameworks */ = {
			isa = PBXFrameworksBuildPhase;
			buildActionMask = 2147483647;
			files = (
			);
			runOnlyForDeploymentPostprocessing = 0;
		};
/* End PBXFrameworksBuildPhase section */

/* Begin PBXGroup section */
		D232387B2B9F86C2004DA3D4 /* Items */ = {
			isa = PBXGroup;
			children = (
				D2B116332B9B5DC200DB9956 /* EditItemView.swift */,
				D2B116322B9B5DC200DB9956 /* ItemListView.swift */,
				D2B116312B9B5DC200DB9956 /* ItemView.swift */,
				D2B116302B9B5DC200DB9956 /* NewItemView.swift */,
				D25BB49F2B9CCE6C006B585B /* ItemsGroupView.swift */,
			);
			path = Items;
			sourceTree = "<group>";
		};
		D232387D2B9F8703004DA3D4 /* Categories */ = {
			isa = PBXGroup;
			children = (
				D25BB49C2B9C9DE2006B585B /* NewCategoryView.swift */,
				D232387E2B9F8A2F004DA3D4 /* EditCategoryView.swift */,
			);
			path = Categories;
			sourceTree = "<group>";
		};
		D2B116122B9B5D4200DB9956 = {
			isa = PBXGroup;
			children = (
				D2B1161D2B9B5D4200DB9956 /* Groceries+ */,
				D2B1161C2B9B5D4200DB9956 /* Products */,
			);
			sourceTree = "<group>";
		};
		D2B1161C2B9B5D4200DB9956 /* Products */ = {
			isa = PBXGroup;
			children = (
				D2B1161B2B9B5D4200DB9956 /* Groceries+.app */,
			);
			name = Products;
			sourceTree = "<group>";
		};
		D2B1161D2B9B5D4200DB9956 /* Groceries+ */ = {
			isa = PBXGroup;
			children = (
				D2B1162F2B9B5D9F00DB9956 /* Support */,
				D2B1162E2B9B5D9500DB9956 /* View */,
				D2B1162D2B9B5D9000DB9956 /* Model */,
				D2B1161E2B9B5D4200DB9956 /* Groceries_App.swift */,
				D2B116202B9B5D4200DB9956 /* ContentView.swift */,
				D2B116222B9B5D4300DB9956 /* Assets.xcassets */,
				D2B116242B9B5D4300DB9956 /* Groceries_.entitlements */,
				D2B116252B9B5D4300DB9956 /* Preview Content */,
			);
			path = "Groceries+";
			sourceTree = "<group>";
		};
		D2B116252B9B5D4300DB9956 /* Preview Content */ = {
			isa = PBXGroup;
			children = (
				D2B116262B9B5D4300DB9956 /* Preview Assets.xcassets */,
			);
			path = "Preview Content";
			sourceTree = "<group>";
		};
		D2B1162D2B9B5D9000DB9956 /* Model */ = {
			isa = PBXGroup;
			children = (
				D2B116382B9B5DE200DB9956 /* Item.swift */,
				D2B116392B9B5DE200DB9956 /* SampleItems.swift */,
				D25BB4982B9C82E7006B585B /* Category.swift */,
			);
			path = Model;
			sourceTree = "<group>";
		};
		D2B1162E2B9B5D9500DB9956 /* View */ = {
			isa = PBXGroup;
			children = (
				D232387D2B9F8703004DA3D4 /* Categories */,
				D232387B2B9F86C2004DA3D4 /* Items */,
			);
			path = View;
			sourceTree = "<group>";
		};
		D2B1162F2B9B5D9F00DB9956 /* Support */ = {
			isa = PBXGroup;
			children = (
				D2B1163C2B9B5DED00DB9956 /* PreviewSampleData.swift */,
			);
			path = Support;
			sourceTree = "<group>";
		};
/* End PBXGroup section */

/* Begin PBXNativeTarget section */
		D2B1161A2B9B5D4200DB9956 /* Groceries+ */ = {
			isa = PBXNativeTarget;
			buildConfigurationList = D2B1162A2B9B5D4300DB9956 /* Build configuration list for PBXNativeTarget "Groceries+" */;
			buildPhases = (
				D2B116172B9B5D4200DB9956 /* Sources */,
				D2B116182B9B5D4200DB9956 /* Frameworks */,
				D2B116192B9B5D4200DB9956 /* Resources */,
			);
			buildRules = (
			);
			dependencies = (
			);
			name = "Groceries+";
			productName = "Groceries+";
			productReference = D2B1161B2B9B5D4200DB9956 /* Groceries+.app */;
			productType = "com.apple.product-type.application";
		};
/* End PBXNativeTarget section */

/* Begin PBXProject section */
		D2B116132B9B5D4200DB9956 /* Project object */ = {
			isa = PBXProject;
			attributes = {
				BuildIndependentTargetsInParallel = 1;
				LastSwiftUpdateCheck = 1520;
				LastUpgradeCheck = 1530;
				TargetAttributes = {
					D2B1161A2B9B5D4200DB9956 = {
						CreatedOnToolsVersion = 15.2;
					};
				};
			};
			buildConfigurationList = D2B116162B9B5D4200DB9956 /* Build configuration list for PBXProject "Groceries+" */;
			compatibilityVersion = "Xcode 14.0";
			developmentRegion = en;
			hasScannedForEncodings = 0;
			knownRegions = (
				en,
				Base,
			);
			mainGroup = D2B116122B9B5D4200DB9956;
			productRefGroup = D2B1161C2B9B5D4200DB9956 /* Products */;
			projectDirPath = "";
			projectRoot = "";
			targets = (
				D2B1161A2B9B5D4200DB9956 /* Groceries+ */,
			);
		};
/* End PBXProject section */

/* Begin PBXResourcesBuildPhase section */
		D2B116192B9B5D4200DB9956 /* Resources */ = {
			isa = PBXResourcesBuildPhase;
			buildActionMask = 2147483647;
			files = (
				D2B116272B9B5D4300DB9956 /* Preview Assets.xcassets in Resources */,
				D2B116232B9B5D4300DB9956 /* Assets.xcassets in Resources */,
			);
			runOnlyForDeploymentPostprocessing = 0;
		};
/* End PBXResourcesBuildPhase section */

/* Begin PBXSourcesBuildPhase section */
		D2B116172B9B5D4200DB9956 /* Sources */ = {
			isa = PBXSourcesBuildPhase;
			buildActionMask = 2147483647;
			files = (
				D2B1163B2B9B5DE200DB9956 /* SampleItems.swift in Sources */,
				D25BB4992B9C82E7006B585B /* Category.swift in Sources */,
				D2B116342B9B5DC200DB9956 /* NewItemView.swift in Sources */,
				D2B116362B9B5DC200DB9956 /* ItemListView.swift in Sources */,
				D232387F2B9F8A2F004DA3D4 /* EditCategoryView.swift in Sources */,
				D2B116212B9B5D4200DB9956 /* ContentView.swift in Sources */,
				D25BB4A02B9CCE6C006B585B /* ItemsGroupView.swift in Sources */,
				D2B1161F2B9B5D4200DB9956 /* Groceries_App.swift in Sources */,
				D2B1163A2B9B5DE200DB9956 /* Item.swift in Sources */,
				D2B116352B9B5DC200DB9956 /* ItemView.swift in Sources */,
				D2B116372B9B5DC200DB9956 /* EditItemView.swift in Sources */,
				D2B1163D2B9B5DED00DB9956 /* PreviewSampleData.swift in Sources */,
				D25BB49D2B9C9DE2006B585B /* NewCategoryView.swift in Sources */,
			);
			runOnlyForDeploymentPostprocessing = 0;
		};
/* End PBXSourcesBuildPhase section */

/* Begin XCBuildConfiguration section */
		D2B116282B9B5D4300DB9956 /* Debug */ = {
			isa = XCBuildConfiguration;
			buildSettings = {
				ALWAYS_SEARCH_USER_PATHS = NO;
				ASSETCATALOG_COMPILER_GENERATE_SWIFT_ASSET_SYMBOL_EXTENSIONS = YES;
				CLANG_ANALYZER_NONNULL = YES;
				CLANG_ANALYZER_NUMBER_OBJECT_CONVERSION = YES_AGGRESSIVE;
				CLANG_CXX_LANGUAGE_STANDARD = "gnu++20";
				CLANG_ENABLE_MODULES = YES;
				CLANG_ENABLE_OBJC_ARC = YES;
				CLANG_ENABLE_OBJC_WEAK = YES;
				CLANG_WARN_BLOCK_CAPTURE_AUTORELEASING = YES;
				CLANG_WARN_BOOL_CONVERSION = YES;
				CLANG_WARN_COMMA = YES;
				CLANG_WARN_CONSTANT_CONVERSION = YES;
				CLANG_WARN_DEPRECATED_OBJC_IMPLEMENTATIONS = YES;
				CLANG_WARN_DIRECT_OBJC_ISA_USAGE = YES_ERROR;
				CLANG_WARN_DOCUMENTATION_COMMENTS = YES;
				CLANG_WARN_EMPTY_BODY = YES;
				CLANG_WARN_ENUM_CONVERSION = YES;
				CLANG_WARN_INFINITE_RECURSION = YES;
				CLANG_WARN_INT_CONVERSION = YES;
				CLANG_WARN_NON_LITERAL_NULL_CONVERSION = YES;
				CLANG_WARN_OBJC_IMPLICIT_RETAIN_SELF = YES;
				CLANG_WARN_OBJC_LITERAL_CONVERSION = YES;
				CLANG_WARN_OBJC_ROOT_CLASS = YES_ERROR;
				CLANG_WARN_QUOTED_INCLUDE_IN_FRAMEWORK_HEADER = YES;
				CLANG_WARN_RANGE_LOOP_ANALYSIS = YES;
				CLANG_WARN_STRICT_PROTOTYPES = YES;
				CLANG_WARN_SUSPICIOUS_MOVE = YES;
				CLANG_WARN_UNGUARDED_AVAILABILITY = YES_AGGRESSIVE;
				CLANG_WARN_UNREACHABLE_CODE = YES;
				CLANG_WARN__DUPLICATE_METHOD_MATCH = YES;
				COPY_PHASE_STRIP = NO;
				DEAD_CODE_STRIPPING = YES;
				DEBUG_INFORMATION_FORMAT = dwarf;
				ENABLE_STRICT_OBJC_MSGSEND = YES;
				ENABLE_TESTABILITY = YES;
				ENABLE_USER_SCRIPT_SANDBOXING = YES;
				GCC_C_LANGUAGE_STANDARD = gnu17;
				GCC_DYNAMIC_NO_PIC = NO;
				GCC_NO_COMMON_BLOCKS = YES;
				GCC_OPTIMIZATION_LEVEL = 0;
				GCC_PREPROCESSOR_DEFINITIONS = (
					"DEBUG=1",
					"$(inherited)",
				);
				GCC_WARN_64_TO_32_BIT_CONVERSION = YES;
				GCC_WARN_ABOUT_RETURN_TYPE = YES_ERROR;
				GCC_WARN_UNDECLARED_SELECTOR = YES;
				GCC_WARN_UNINITIALIZED_AUTOS = YES_AGGRESSIVE;
				GCC_WARN_UNUSED_FUNCTION = YES;
				GCC_WARN_UNUSED_VARIABLE = YES;
				LOCALIZATION_PREFERS_STRING_CATALOGS = YES;
				MTL_ENABLE_DEBUG_INFO = INCLUDE_SOURCE;
				MTL_FAST_MATH = YES;
				ONLY_ACTIVE_ARCH = YES;
				SWIFT_ACTIVE_COMPILATION_CONDITIONS = "DEBUG $(inherited)";
				SWIFT_OPTIMIZATION_LEVEL = "-Onone";
			};
			name = Debug;
		};
		D2B116292B9B5D4300DB9956 /* Release */ = {
			isa = XCBuildConfiguration;
			buildSettings = {
				ALWAYS_SEARCH_USER_PATHS = NO;
				ASSETCATALOG_COMPILER_GENERATE_SWIFT_ASSET_SYMBOL_EXTENSIONS = YES;
				CLANG_ANALYZER_NONNULL = YES;
				CLANG_ANALYZER_NUMBER_OBJECT_CONVERSION = YES_AGGRESSIVE;
				CLANG_CXX_LANGUAGE_STANDARD = "gnu++20";
				CLANG_ENABLE_MODULES = YES;
				CLANG_ENABLE_OBJC_ARC = YES;
				CLANG_ENABLE_OBJC_WEAK = YES;
				CLANG_WARN_BLOCK_CAPTURE_AUTORELEASING = YES;
				CLANG_WARN_BOOL_CONVERSION = YES;
				CLANG_WARN_COMMA = YES;
				CLANG_WARN_CONSTANT_CONVERSION = YES;
				CLANG_WARN_DEPRECATED_OBJC_IMPLEMENTATIONS = YES;
				CLANG_WARN_DIRECT_OBJC_ISA_USAGE = YES_ERROR;
				CLANG_WARN_DOCUMENTATION_COMMENTS = YES;
				CLANG_WARN_EMPTY_BODY = YES;
				CLANG_WARN_ENUM_CONVERSION = YES;
				CLANG_WARN_INFINITE_RECURSION = YES;
				CLANG_WARN_INT_CONVERSION = YES;
				CLANG_WARN_NON_LITERAL_NULL_CONVERSION = YES;
				CLANG_WARN_OBJC_IMPLICIT_RETAIN_SELF = YES;
				CLANG_WARN_OBJC_LITERAL_CONVERSION = YES;
				CLANG_WARN_OBJC_ROOT_CLASS = YES_ERROR;
				CLANG_WARN_QUOTED_INCLUDE_IN_FRAMEWORK_HEADER = YES;
				CLANG_WARN_RANGE_LOOP_ANALYSIS = YES;
				CLANG_WARN_STRICT_PROTOTYPES = YES;
				CLANG_WARN_SUSPICIOUS_MOVE = YES;
				CLANG_WARN_UNGUARDED_AVAILABILITY = YES_AGGRESSIVE;
				CLANG_WARN_UNREACHABLE_CODE = YES;
				CLANG_WARN__DUPLICATE_METHOD_MATCH = YES;
				COPY_PHASE_STRIP = NO;
				DEAD_CODE_STRIPPING = YES;
				DEBUG_INFORMATION_FORMAT = "dwarf-with-dsym";
				ENABLE_NS_ASSERTIONS = NO;
				ENABLE_STRICT_OBJC_MSGSEND = YES;
				ENABLE_USER_SCRIPT_SANDBOXING = YES;
				GCC_C_LANGUAGE_STANDARD = gnu17;
				GCC_NO_COMMON_BLOCKS = YES;
				GCC_WARN_64_TO_32_BIT_CONVERSION = YES;
				GCC_WARN_ABOUT_RETURN_TYPE = YES_ERROR;
				GCC_WARN_UNDECLARED_SELECTOR = YES;
				GCC_WARN_UNINITIALIZED_AUTOS = YES_AGGRESSIVE;
				GCC_WARN_UNUSED_FUNCTION = YES;
				GCC_WARN_UNUSED_VARIABLE = YES;
				LOCALIZATION_PREFERS_STRING_CATALOGS = YES;
				MTL_ENABLE_DEBUG_INFO = NO;
				MTL_FAST_MATH = YES;
				SWIFT_COMPILATION_MODE = wholemodule;
			};
			name = Release;
		};
		D2B1162B2B9B5D4300DB9956 /* Debug */ = {
			isa = XCBuildConfiguration;
			buildSettings = {
				ASSETCATALOG_COMPILER_APPICON_NAME = AppIcon;
				ASSETCATALOG_COMPILER_GLOBAL_ACCENT_COLOR_NAME = AccentColor;
				CODE_SIGN_ENTITLEMENTS = "Groceries+/Groceries_.entitlements";
				CODE_SIGN_STYLE = Automatic;
				CURRENT_PROJECT_VERSION = 1;
				DEAD_CODE_STRIPPING = YES;
				DEVELOPMENT_ASSET_PATHS = "\"Groceries+/Preview Content\"";
				DEVELOPMENT_TEAM = 85GE3C3C5N;
				ENABLE_HARDENED_RUNTIME = YES;
				ENABLE_PREVIEWS = YES;
				GENERATE_INFOPLIST_FILE = YES;
				"INFOPLIST_KEY_UIApplicationSceneManifest_Generation[sdk=iphoneos*]" = YES;
				"INFOPLIST_KEY_UIApplicationSceneManifest_Generation[sdk=iphonesimulator*]" = YES;
				"INFOPLIST_KEY_UIApplicationSupportsIndirectInputEvents[sdk=iphoneos*]" = YES;
				"INFOPLIST_KEY_UIApplicationSupportsIndirectInputEvents[sdk=iphonesimulator*]" = YES;
				"INFOPLIST_KEY_UILaunchScreen_Generation[sdk=iphoneos*]" = YES;
				"INFOPLIST_KEY_UILaunchScreen_Generation[sdk=iphonesimulator*]" = YES;
				"INFOPLIST_KEY_UIStatusBarStyle[sdk=iphoneos*]" = UIStatusBarStyleDefault;
				"INFOPLIST_KEY_UIStatusBarStyle[sdk=iphonesimulator*]" = UIStatusBarStyleDefault;
				INFOPLIST_KEY_UISupportedInterfaceOrientations_iPad = "UIInterfaceOrientationPortrait UIInterfaceOrientationPortraitUpsideDown UIInterfaceOrientationLandscapeLeft UIInterfaceOrientationLandscapeRight";
				INFOPLIST_KEY_UISupportedInterfaceOrientations_iPhone = "UIInterfaceOrientationPortrait UIInterfaceOrientationLandscapeLeft UIInterfaceOrientationLandscapeRight";
				IPHONEOS_DEPLOYMENT_TARGET = 17.2;
				LD_RUNPATH_SEARCH_PATHS = "@executable_path/Frameworks";
				"LD_RUNPATH_SEARCH_PATHS[sdk=macosx*]" = "@executable_path/../Frameworks";
				MACOSX_DEPLOYMENT_TARGET = 14.2;
				MARKETING_VERSION = 1.0;
				PRODUCT_BUNDLE_IDENTIFIER = "com.tnaftali.groceries.Groceries-";
				PRODUCT_NAME = "$(TARGET_NAME)";
				SDKROOT = auto;
				SUPPORTED_PLATFORMS = "iphoneos iphonesimulator macosx";
				SWIFT_EMIT_LOC_STRINGS = YES;
				SWIFT_VERSION = 5.0;
				TARGETED_DEVICE_FAMILY = "1,2";
			};
			name = Debug;
		};
		D2B1162C2B9B5D4300DB9956 /* Release */ = {
			isa = XCBuildConfiguration;
			buildSettings = {
				ASSETCATALOG_COMPILER_APPICON_NAME = AppIcon;
				ASSETCATALOG_COMPILER_GLOBAL_ACCENT_COLOR_NAME = AccentColor;
				CODE_SIGN_ENTITLEMENTS = "Groceries+/Groceries_.entitlements";
				CODE_SIGN_STYLE = Automatic;
				CURRENT_PROJECT_VERSION = 1;
				DEAD_CODE_STRIPPING = YES;
				DEVELOPMENT_ASSET_PATHS = "\"Groceries+/Preview Content\"";
				DEVELOPMENT_TEAM = 85GE3C3C5N;
				ENABLE_HARDENED_RUNTIME = YES;
				ENABLE_PREVIEWS = YES;
				GENERATE_INFOPLIST_FILE = YES;
				"INFOPLIST_KEY_UIApplicationSceneManifest_Generation[sdk=iphoneos*]" = YES;
				"INFOPLIST_KEY_UIApplicationSceneManifest_Generation[sdk=iphonesimulator*]" = YES;
				"INFOPLIST_KEY_UIApplicationSupportsIndirectInputEvents[sdk=iphoneos*]" = YES;
				"INFOPLIST_KEY_UIApplicationSupportsIndirectInputEvents[sdk=iphonesimulator*]" = YES;
				"INFOPLIST_KEY_UILaunchScreen_Generation[sdk=iphoneos*]" = YES;
				"INFOPLIST_KEY_UILaunchScreen_Generation[sdk=iphonesimulator*]" = YES;
				"INFOPLIST_KEY_UIStatusBarStyle[sdk=iphoneos*]" = UIStatusBarStyleDefault;
				"INFOPLIST_KEY_UIStatusBarStyle[sdk=iphonesimulator*]" = UIStatusBarStyleDefault;
				INFOPLIST_KEY_UISupportedInterfaceOrientations_iPad = "UIInterfaceOrientationPortrait UIInterfaceOrientationPortraitUpsideDown UIInterfaceOrientationLandscapeLeft UIInterfaceOrientationLandscapeRight";
				INFOPLIST_KEY_UISupportedInterfaceOrientations_iPhone = "UIInterfaceOrientationPortrait UIInterfaceOrientationLandscapeLeft UIInterfaceOrientationLandscapeRight";
				IPHONEOS_DEPLOYMENT_TARGET = 17.2;
				LD_RUNPATH_SEARCH_PATHS = "@executable_path/Frameworks";
				"LD_RUNPATH_SEARCH_PATHS[sdk=macosx*]" = "@executable_path/../Frameworks";
				MACOSX_DEPLOYMENT_TARGET = 14.2;
				MARKETING_VERSION = 1.0;
				PRODUCT_BUNDLE_IDENTIFIER = "com.tnaftali.groceries.Groceries-";
				PRODUCT_NAME = "$(TARGET_NAME)";
				SDKROOT = auto;
				SUPPORTED_PLATFORMS = "iphoneos iphonesimulator macosx";
				SWIFT_EMIT_LOC_STRINGS = YES;
				SWIFT_VERSION = 5.0;
				TARGETED_DEVICE_FAMILY = "1,2";
			};
			name = Release;
		};
/* End XCBuildConfiguration section */

/* Begin XCConfigurationList section */
		D2B116162B9B5D4200DB9956 /* Build configuration list for PBXProject "Groceries+" */ = {
			isa = XCConfigurationList;
			buildConfigurations = (
				D2B116282B9B5D4300DB9956 /* Debug */,
				D2B116292B9B5D4300DB9956 /* Release */,
			);
			defaultConfigurationIsVisible = 0;
			defaultConfigurationName = Release;
		};
		D2B1162A2B9B5D4300DB9956 /* Build configuration list for PBXNativeTarget "Groceries+" */ = {
			isa = XCConfigurationList;
			buildConfigurations = (
				D2B1162B2B9B5D4300DB9956 /* Debug */,
				D2B1162C2B9B5D4300DB9956 /* Release */,
			);
			defaultConfigurationIsVisible = 0;
			defaultConfigurationName = Release;
		};
/* End XCConfigurationList section */
	};
	rootObject = D2B116132B9B5D4200DB9956 /* Project object */;
}
